// !$*UTF8*$!
{
	archiveVersion = 1;
	classes = {
	};
	objectVersion = 77;
	objects = {

/* Begin PBXBuildFile section */
		0CC9DC77EACC56346C884647 /* DeviceBluetoothManager.swift in Sources */ = {isa = PBXBuildFile; fileRef = 248EABAD6771BF9B4147E09A /* DeviceBluetoothManager.swift */; };
		1C5BE17DC6FEFD70D4119ECD /* Assets.xcassets in Resources */ = {isa = PBXBuildFile; fileRef = F44218E4C282A21C70E6BBFD /* Assets.xcassets */; };
		2998E690B0E88BCF4B5C0ECB /* PhysicalKeyApp.swift in Sources */ = {isa = PBXBuildFile; fileRef = BC605602BE0E09BB723907B6 /* PhysicalKeyApp.swift */; };
		5FF86FAC6AA623699A6804C7 /* OrganizationViewModel.swift in Sources */ = {isa = PBXBuildFile; fileRef = EF408DC49EBE7DE23CF1AE54 /* OrganizationViewModel.swift */; };
		81329ED07C645AB92D440EFC /* PhysicalKeyAPI.swift in Sources */ = {isa = PBXBuildFile; fileRef = 3B1FBE00DC6F78B9D2490375 /* PhysicalKeyAPI.swift */; };
		A832C1D75BFCB04293E3131C /* TeamView.swift in Sources */ = {isa = PBXBuildFile; fileRef = 0A399FED7F3B305FAE37A665 /* TeamView.swift */; };
		B859B48C3D90551FDC516EAA /* KeyManager.swift in Sources */ = {isa = PBXBuildFile; fileRef = 1673C4E131A63D20EDCAF518 /* KeyManager.swift */; };
		BBA845A301D98FED0EA6045A /* ContentView.swift in Sources */ = {isa = PBXBuildFile; fileRef = 4F037FF1DDD1650B16ECCDA9 /* ContentView.swift */; };
		F96DEBAD1DA7BEF058F9232F /* AuthViewModel.swift in Sources */ = {isa = PBXBuildFile; fileRef = 0CA6D4F45E2E62C3E0B324FF /* AuthViewModel.swift */; };
/* End PBXBuildFile section */

/* Begin PBXFileReference section */
		0A399FED7F3B305FAE37A665 /* TeamView.swift */ = {isa = PBXFileReference; lastKnownFileType = sourcecode.swift; path = TeamView.swift; sourceTree = "<group>"; };
		0CA6D4F45E2E62C3E0B324FF /* AuthViewModel.swift */ = {isa = PBXFileReference; lastKnownFileType = sourcecode.swift; path = AuthViewModel.swift; sourceTree = "<group>"; };
		1673C4E131A63D20EDCAF518 /* KeyManager.swift */ = {isa = PBXFileReference; lastKnownFileType = sourcecode.swift; path = KeyManager.swift; sourceTree = "<group>"; };
		248EABAD6771BF9B4147E09A /* DeviceBluetoothManager.swift */ = {isa = PBXFileReference; lastKnownFileType = sourcecode.swift; path = DeviceBluetoothManager.swift; sourceTree = "<group>"; };
		3B1FBE00DC6F78B9D2490375 /* PhysicalKeyAPI.swift */ = {isa = PBXFileReference; lastKnownFileType = sourcecode.swift; path = PhysicalKeyAPI.swift; sourceTree = "<group>"; };
		4F037FF1DDD1650B16ECCDA9 /* ContentView.swift */ = {isa = PBXFileReference; lastKnownFileType = sourcecode.swift; path = ContentView.swift; sourceTree = "<group>"; };
		98109053DDB9665234E0B9E5 /* PhysicalKey.app */ = {isa = PBXFileReference; includeInIndex = 0; lastKnownFileType = wrapper.application; path = PhysicalKey.app; sourceTree = BUILT_PRODUCTS_DIR; };
		BC605602BE0E09BB723907B6 /* PhysicalKeyApp.swift */ = {isa = PBXFileReference; lastKnownFileType = sourcecode.swift; path = PhysicalKeyApp.swift; sourceTree = "<group>"; };
		EF408DC49EBE7DE23CF1AE54 /* OrganizationViewModel.swift */ = {isa = PBXFileReference; lastKnownFileType = sourcecode.swift; path = OrganizationViewModel.swift; sourceTree = "<group>"; };
		F44218E4C282A21C70E6BBFD /* Assets.xcassets */ = {isa = PBXFileReference; lastKnownFileType = folder.assetcatalog; path = Assets.xcassets; sourceTree = "<group>"; };
/* End PBXFileReference section */

/* Begin PBXGroup section */
		3DDADF16FB66A26A151CF3D5 = {
			isa = PBXGroup;
			children = (
				44C5ED0ECFEF9AA1136BA751 /* PhysicalKey */,
				BD7A4559AF3B400099D247CD /* Products */,
			);
			sourceTree = "<group>";
		};
		44C5ED0ECFEF9AA1136BA751 /* PhysicalKey */ = {
			isa = PBXGroup;
			children = (
				F44218E4C282A21C70E6BBFD /* Assets.xcassets */,
				0CA6D4F45E2E62C3E0B324FF /* AuthViewModel.swift */,
				4F037FF1DDD1650B16ECCDA9 /* ContentView.swift */,
				248EABAD6771BF9B4147E09A /* DeviceBluetoothManager.swift */,
				1673C4E131A63D20EDCAF518 /* KeyManager.swift */,
				EF408DC49EBE7DE23CF1AE54 /* OrganizationViewModel.swift */,
				3B1FBE00DC6F78B9D2490375 /* PhysicalKeyAPI.swift */,
				BC605602BE0E09BB723907B6 /* PhysicalKeyApp.swift */,
				0A399FED7F3B305FAE37A665 /* TeamView.swift */,
			);
			path = PhysicalKey;
			sourceTree = "<group>";
		};
		BD7A4559AF3B400099D247CD /* Products */ = {
			isa = PBXGroup;
			children = (
				98109053DDB9665234E0B9E5 /* PhysicalKey.app */,
			);
			name = Products;
			sourceTree = "<group>";
		};
/* End PBXGroup section */

/* Begin PBXNativeTarget section */
		E01122BD118B99E7E75C0397 /* PhysicalKey */ = {
			isa = PBXNativeTarget;
			buildConfigurationList = DB204BC27662829B50388CB9 /* Build configuration list for PBXNativeTarget "PhysicalKey" */;
			buildPhases = (
				61C3D0D8FB0F1F83C0555803 /* Sources */,
				A4B4840BE763F1E9778EBBDC /* Resources */,
			);
			buildRules = (
			);
			dependencies = (
			);
			name = PhysicalKey;
			packageProductDependencies = (
			);
			productName = PhysicalKey;
			productReference = 98109053DDB9665234E0B9E5 /* PhysicalKey.app */;
			productType = "com.apple.product-type.application";
		};
/* End PBXNativeTarget section */

/* Begin PBXProject section */
		5D4E07B0E025F0C3C0377682 /* Project object */ = {
			isa = PBXProject;
			attributes = {
				BuildIndependentTargetsInParallel = YES;
				LastUpgradeCheck = 1430;
				TargetAttributes = {
					E01122BD118B99E7E75C0397 = {
						DevelopmentTeam = 9RYL8ZRC3U;
						ProvisioningStyle = Automatic;
					};
				};
			};
			buildConfigurationList = 2BE6640CC0519759FF9670C2 /* Build configuration list for PBXProject "PhysicalKey" */;
			developmentRegion = en;
			hasScannedForEncodings = 0;
			knownRegions = (
				Base,
				en,
			);
			mainGroup = 3DDADF16FB66A26A151CF3D5;
			minimizedProjectReferenceProxies = 1;
			preferredProjectObjectVersion = 77;
			productRefGroup = BD7A4559AF3B400099D247CD /* Products */;
			projectDirPath = "";
			projectRoot = "";
			targets = (
				E01122BD118B99E7E75C0397 /* PhysicalKey */,
			);
		};
/* End PBXProject section */

/* Begin PBXResourcesBuildPhase section */
		A4B4840BE763F1E9778EBBDC /* Resources */ = {
			isa = PBXResourcesBuildPhase;
			buildActionMask = 2147483647;
			files = (
				1C5BE17DC6FEFD70D4119ECD /* Assets.xcassets in Resources */,
			);
			runOnlyForDeploymentPostprocessing = 0;
		};
/* End PBXResourcesBuildPhase section */

/* Begin PBXSourcesBuildPhase section */
		61C3D0D8FB0F1F83C0555803 /* Sources */ = {
			isa = PBXSourcesBuildPhase;
			buildActionMask = 2147483647;
			files = (
				F96DEBAD1DA7BEF058F9232F /* AuthViewModel.swift in Sources */,
				BBA845A301D98FED0EA6045A /* ContentView.swift in Sources */,
				0CC9DC77EACC56346C884647 /* DeviceBluetoothManager.swift in Sources */,
				B859B48C3D90551FDC516EAA /* KeyManager.swift in Sources */,
				5FF86FAC6AA623699A6804C7 /* OrganizationViewModel.swift in Sources */,
				81329ED07C645AB92D440EFC /* PhysicalKeyAPI.swift in Sources */,
				2998E690B0E88BCF4B5C0ECB /* PhysicalKeyApp.swift in Sources */,
				A832C1D75BFCB04293E3131C /* TeamView.swift in Sources */,
			);
			runOnlyForDeploymentPostprocessing = 0;
		};
/* End PBXSourcesBuildPhase section */

/* Begin XCBuildConfiguration section */
		27F30F89EDA95A462F074E57 /* Debug */ = {
			isa = XCBuildConfiguration;
			buildSettings = {
				ALWAYS_SEARCH_USER_PATHS = NO;
				CLANG_ANALYZER_NONNULL = YES;
				CLANG_ANALYZER_NUMBER_OBJECT_CONVERSION = YES_AGGRESSIVE;
				CLANG_CXX_LANGUAGE_STANDARD = "gnu++14";
				CLANG_CXX_LIBRARY = "libc++";
				CLANG_ENABLE_MODULES = YES;
				CLANG_ENABLE_OBJC_ARC = YES;
				CLANG_ENABLE_OBJC_WEAK = YES;
				CLANG_WARN_BLOCK_CAPTURE_AUTORELEASING = YES;
				CLANG_WARN_BOOL_CONVERSION = YES;
				CLANG_WARN_COMMA = YES;
				CLANG_WARN_CONSTANT_CONVERSION = YES;
				CLANG_WARN_DEPRECATED_OBJC_IMPLEMENTATIONS = YES;
				CLANG_WARN_DIRECT_OBJC_ISA_USAGE = YES_ERROR;
				CLANG_WARN_DOCUMENTATION_COMMENTS = YES;
				CLANG_WARN_EMPTY_BODY = YES;
				CLANG_WARN_ENUM_CONVERSION = YES;
				CLANG_WARN_INFINITE_RECURSION = YES;
				CLANG_WARN_INT_CONVERSION = YES;
				CLANG_WARN_NON_LITERAL_NULL_CONVERSION = YES;
				CLANG_WARN_OBJC_IMPLICIT_RETAIN_SELF = YES;
				CLANG_WARN_OBJC_LITERAL_CONVERSION = YES;
				CLANG_WARN_OBJC_ROOT_CLASS = YES_ERROR;
				CLANG_WARN_QUOTED_INCLUDE_IN_FRAMEWORK_HEADER = YES;
				CLANG_WARN_RANGE_LOOP_ANALYSIS = YES;
				CLANG_WARN_STRICT_PROTOTYPES = YES;
				CLANG_WARN_SUSPICIOUS_MOVE = YES;
				CLANG_WARN_UNGUARDED_AVAILABILITY = YES_AGGRESSIVE;
				CLANG_WARN_UNREACHABLE_CODE = YES;
				CLANG_WARN__DUPLICATE_METHOD_MATCH = YES;
				COPY_PHASE_STRIP = NO;
				DEBUG_INFORMATION_FORMAT = dwarf;
				ENABLE_STRICT_OBJC_MSGSEND = YES;
				ENABLE_TESTABILITY = YES;
				GCC_C_LANGUAGE_STANDARD = gnu11;
				GCC_DYNAMIC_NO_PIC = NO;
				GCC_NO_COMMON_BLOCKS = YES;
				GCC_OPTIMIZATION_LEVEL = 0;
				GCC_PREPROCESSOR_DEFINITIONS = (
					"$(inherited)",
					"DEBUG=1",
				);
				GCC_WARN_64_TO_32_BIT_CONVERSION = YES;
				GCC_WARN_ABOUT_RETURN_TYPE = YES_ERROR;
				GCC_WARN_UNDECLARED_SELECTOR = YES;
				GCC_WARN_UNINITIALIZED_AUTOS = YES_AGGRESSIVE;
				GCC_WARN_UNUSED_FUNCTION = YES;
				GCC_WARN_UNUSED_VARIABLE = YES;
				IPHONEOS_DEPLOYMENT_TARGET = 17.0;
				MTL_ENABLE_DEBUG_INFO = INCLUDE_SOURCE;
				MTL_FAST_MATH = YES;
				ONLY_ACTIVE_ARCH = YES;
				PRODUCT_NAME = "$(TARGET_NAME)";
				SDKROOT = iphoneos;
				SWIFT_ACTIVE_COMPILATION_CONDITIONS = DEBUG;
				SWIFT_OPTIMIZATION_LEVEL = "-Onone";
				SWIFT_VERSION = 5.0;
			};
			name = Debug;
		};
		2F8F9090595517DD7D54588D /* Debug */ = {
			isa = XCBuildConfiguration;
			buildSettings = {
				ASSETCATALOG_COMPILER_APPICON_NAME = AppIcon;
				CODE_SIGN_IDENTITY = "iPhone Developer";
				CODE_SIGN_STYLE = Automatic;
				CURRENT_PROJECT_VERSION = 1;
				DEVELOPMENT_TEAM = 9RYL8ZRC3U;
				INFOPLIST_FILE = "Generated-Info.plist";
				LD_RUNPATH_SEARCH_PATHS = (
					"$(inherited)",
					"@executable_path/Frameworks",
				);
				MARKETING_VERSION = 1.0;
				PRODUCT_BUNDLE_IDENTIFIER = com.physicalkey.app;
				SDKROOT = iphoneos;
				SWIFT_VERSION = 6.0;
				TARGETED_DEVICE_FAMILY = 1;
			};
			name = Debug;
		};
		3E0D4F48BBDED0F653223B95 /* Release */ = {
			isa = XCBuildConfiguration;
			buildSettings = {
				ASSETCATALOG_COMPILER_APPICON_NAME = AppIcon;
				CODE_SIGN_IDENTITY = "iPhone Developer";
				CODE_SIGN_STYLE = Automatic;
				CURRENT_PROJECT_VERSION = 1;
				DEVELOPMENT_TEAM = 9RYL8ZRC3U;
				INFOPLIST_FILE = "Generated-Info.plist";
				LD_RUNPATH_SEARCH_PATHS = (
					"$(inherited)",
					"@executable_path/Frameworks",
				);
				MARKETING_VERSION = 1.0;
				PRODUCT_BUNDLE_IDENTIFIER = com.physicalkey.app;
				SDKROOT = iphoneos;
				SWIFT_VERSION = 6.0;
				TARGETED_DEVICE_FAMILY = 1;
			};
			name = Release;
		};
		8A1B963EA6C2DF75F6C09F75 /* Release */ = {
			isa = XCBuildConfiguration;
			buildSettings = {
				ALWAYS_SEARCH_USER_PATHS = NO;
				CLANG_ANALYZER_NONNULL = YES;
				CLANG_ANALYZER_NUMBER_OBJECT_CONVERSION = YES_AGGRESSIVE;
				CLANG_CXX_LANGUAGE_STANDARD = "gnu++14";
				CLANG_CXX_LIBRARY = "libc++";
				CLANG_ENABLE_MODULES = YES;
				CLANG_ENABLE_OBJC_ARC = YES;
				CLANG_ENABLE_OBJC_WEAK = YES;
				CLANG_WARN_BLOCK_CAPTURE_AUTORELEASING = YES;
				CLANG_WARN_BOOL_CONVERSION = YES;
				CLANG_WARN_COMMA = YES;
				CLANG_WARN_CONSTANT_CONVERSION = YES;
				CLANG_WARN_DEPRECATED_OBJC_IMPLEMENTATIONS = YES;
				CLANG_WARN_DIRECT_OBJC_ISA_USAGE = YES_ERROR;
				CLANG_WARN_DOCUMENTATION_COMMENTS = YES;
				CLANG_WARN_EMPTY_BODY = YES;
				CLANG_WARN_ENUM_CONVERSION = YES;
				CLANG_WARN_INFINITE_RECURSION = YES;
				CLANG_WARN_INT_CONVERSION = YES;
				CLANG_WARN_NON_LITERAL_NULL_CONVERSION = YES;
				CLANG_WARN_OBJC_IMPLICIT_RETAIN_SELF = YES;
				CLANG_WARN_OBJC_LITERAL_CONVERSION = YES;
				CLANG_WARN_OBJC_ROOT_CLASS = YES_ERROR;
				CLANG_WARN_QUOTED_INCLUDE_IN_FRAMEWORK_HEADER = YES;
				CLANG_WARN_RANGE_LOOP_ANALYSIS = YES;
				CLANG_WARN_STRICT_PROTOTYPES = YES;
				CLANG_WARN_SUSPICIOUS_MOVE = YES;
				CLANG_WARN_UNGUARDED_AVAILABILITY = YES_AGGRESSIVE;
				CLANG_WARN_UNREACHABLE_CODE = YES;
				CLANG_WARN__DUPLICATE_METHOD_MATCH = YES;
				COPY_PHASE_STRIP = NO;
				DEBUG_INFORMATION_FORMAT = "dwarf-with-dsym";
				ENABLE_NS_ASSERTIONS = NO;
				ENABLE_STRICT_OBJC_MSGSEND = YES;
				GCC_C_LANGUAGE_STANDARD = gnu11;
				GCC_NO_COMMON_BLOCKS = YES;
				GCC_WARN_64_TO_32_BIT_CONVERSION = YES;
				GCC_WARN_ABOUT_RETURN_TYPE = YES_ERROR;
				GCC_WARN_UNDECLARED_SELECTOR = YES;
				GCC_WARN_UNINITIALIZED_AUTOS = YES_AGGRESSIVE;
				GCC_WARN_UNUSED_FUNCTION = YES;
				GCC_WARN_UNUSED_VARIABLE = YES;
				IPHONEOS_DEPLOYMENT_TARGET = 17.0;
				MTL_ENABLE_DEBUG_INFO = NO;
				MTL_FAST_MATH = YES;
				PRODUCT_NAME = "$(TARGET_NAME)";
				SDKROOT = iphoneos;
				SWIFT_COMPILATION_MODE = wholemodule;
				SWIFT_OPTIMIZATION_LEVEL = "-O";
				SWIFT_VERSION = 5.0;
			};
			name = Release;
		};
/* End XCBuildConfiguration section */

/* Begin XCConfigurationList section */
		2BE6640CC0519759FF9670C2 /* Build configuration list for PBXProject "PhysicalKey" */ = {
			isa = XCConfigurationList;
			buildConfigurations = (
				27F30F89EDA95A462F074E57 /* Debug */,
				8A1B963EA6C2DF75F6C09F75 /* Release */,
			);
			defaultConfigurationIsVisible = 0;
			defaultConfigurationName = Debug;
		};
		DB204BC27662829B50388CB9 /* Build configuration list for PBXNativeTarget "PhysicalKey" */ = {
			isa = XCConfigurationList;
			buildConfigurations = (
				2F8F9090595517DD7D54588D /* Debug */,
				3E0D4F48BBDED0F653223B95 /* Release */,
			);
			defaultConfigurationIsVisible = 0;
			defaultConfigurationName = Debug;
		};
/* End XCConfigurationList section */
	};
	rootObject = 5D4E07B0E025F0C3C0377682 /* Project object */;
}
